// !$*UTF8*$!
{
	archiveVersion = 1;
	classes = {
	};
	objectVersion = 55;
	objects = {

/* Begin PBXBuildFile section */
		3C69970828718E6500BF065E /* PhoneTableViewController.swift in Sources */ = {isa = PBXBuildFile; fileRef = 3C69970728718E6500BF065E /* PhoneTableViewController.swift */; };
		3C69970C2871933F00BF065E /* PhoneTableViewCell.swift in Sources */ = {isa = PBXBuildFile; fileRef = 3C69970B2871933F00BF065E /* PhoneTableViewCell.swift */; };
		3C69970E2871B02000BF065E /* NextViewController2.swift in Sources */ = {isa = PBXBuildFile; fileRef = 3C69970D2871B02000BF065E /* NextViewController2.swift */; };
		3C6997102871B24100BF065E /* NextViewController3.swift in Sources */ = {isa = PBXBuildFile; fileRef = 3C69970F2871B24000BF065E /* NextViewController3.swift */; };
		3C6997122871B31100BF065E /* NextViewController4.swift in Sources */ = {isa = PBXBuildFile; fileRef = 3C6997112871B31100BF065E /* NextViewController4.swift */; };
		3CCFE78A286F3D3C00D9132E /* AppDelegate.swift in Sources */ = {isa = PBXBuildFile; fileRef = 3CCFE789286F3D3C00D9132E /* AppDelegate.swift */; };
		3CCFE78C286F3D3C00D9132E /* SceneDelegate.swift in Sources */ = {isa = PBXBuildFile; fileRef = 3CCFE78B286F3D3C00D9132E /* SceneDelegate.swift */; };
		3CCFE78E286F3D3C00D9132E /* ViewController.swift in Sources */ = {isa = PBXBuildFile; fileRef = 3CCFE78D286F3D3C00D9132E /* ViewController.swift */; };
		3CCFE791286F3D3C00D9132E /* Main.storyboard in Resources */ = {isa = PBXBuildFile; fileRef = 3CCFE78F286F3D3C00D9132E /* Main.storyboard */; };
		3CCFE793286F3D3D00D9132E /* Assets.xcassets in Resources */ = {isa = PBXBuildFile; fileRef = 3CCFE792286F3D3D00D9132E /* Assets.xcassets */; };
		3CCFE796286F3D3D00D9132E /* LaunchScreen.storyboard in Resources */ = {isa = PBXBuildFile; fileRef = 3CCFE794286F3D3D00D9132E /* LaunchScreen.storyboard */; };
		3CCFE7A0286F583700D9132E /* NextViewController.swift in Sources */ = {isa = PBXBuildFile; fileRef = 3CCFE79F286F583700D9132E /* NextViewController.swift */; };
/* End PBXBuildFile section */

/* Begin PBXFileReference section */
		3C69970728718E6500BF065E /* PhoneTableViewController.swift */ = {isa = PBXFileReference; lastKnownFileType = sourcecode.swift; path = PhoneTableViewController.swift; sourceTree = "<group>"; };
		3C69970B2871933F00BF065E /* PhoneTableViewCell.swift */ = {isa = PBXFileReference; lastKnownFileType = sourcecode.swift; path = PhoneTableViewCell.swift; sourceTree = "<group>"; };
		3C69970D2871B02000BF065E /* NextViewController2.swift */ = {isa = PBXFileReference; lastKnownFileType = sourcecode.swift; path = NextViewController2.swift; sourceTree = "<group>"; };
		3C69970F2871B24000BF065E /* NextViewController3.swift */ = {isa = PBXFileReference; lastKnownFileType = sourcecode.swift; path = NextViewController3.swift; sourceTree = "<group>"; };
		3C6997112871B31100BF065E /* NextViewController4.swift */ = {isa = PBXFileReference; lastKnownFileType = sourcecode.swift; path = NextViewController4.swift; sourceTree = "<group>"; };
		3CCFE786286F3D3C00D9132E /* HW2.app */ = {isa = PBXFileReference; explicitFileType = wrapper.application; includeInIndex = 0; path = HW2.app; sourceTree = BUILT_PRODUCTS_DIR; };
		3CCFE789286F3D3C00D9132E /* AppDelegate.swift */ = {isa = PBXFileReference; lastKnownFileType = sourcecode.swift; path = AppDelegate.swift; sourceTree = "<group>"; };
		3CCFE78B286F3D3C00D9132E /* SceneDelegate.swift */ = {isa = PBXFileReference; lastKnownFileType = sourcecode.swift; path = SceneDelegate.swift; sourceTree = "<group>"; };
		3CCFE78D286F3D3C00D9132E /* ViewController.swift */ = {isa = PBXFileReference; lastKnownFileType = sourcecode.swift; path = ViewController.swift; sourceTree = "<group>"; };
		3CCFE790286F3D3C00D9132E /* Base */ = {isa = PBXFileReference; lastKnownFileType = file.storyboard; name = Base; path = Base.lproj/Main.storyboard; sourceTree = "<group>"; };
		3CCFE792286F3D3D00D9132E /* Assets.xcassets */ = {isa = PBXFileReference; lastKnownFileType = folder.assetcatalog; path = Assets.xcassets; sourceTree = "<group>"; };
		3CCFE795286F3D3D00D9132E /* Base */ = {isa = PBXFileReference; lastKnownFileType = file.storyboard; name = Base; path = Base.lproj/LaunchScreen.storyboard; sourceTree = "<group>"; };
		3CCFE797286F3D3D00D9132E /* Info.plist */ = {isa = PBXFileReference; lastKnownFileType = text.plist.xml; path = Info.plist; sourceTree = "<group>"; };
		3CCFE79F286F583700D9132E /* NextViewController.swift */ = {isa = PBXFileReference; lastKnownFileType = sourcecode.swift; path = NextViewController.swift; sourceTree = "<group>"; };
/* End PBXFileReference section */

/* Begin PBXFrameworksBuildPhase section */
		3CCFE783286F3D3C00D9132E /* Frameworks */ = {
			isa = PBXFrameworksBuildPhase;
			buildActionMask = 2147483647;
			files = (
			);
			runOnlyForDeploymentPostprocessing = 0;
		};
/* End PBXFrameworksBuildPhase section */

/* Begin PBXGroup section */
		3CCFE77D286F3D3C00D9132E = {
			isa = PBXGroup;
			children = (
				3CCFE788286F3D3C00D9132E /* HW2 */,
				3CCFE787286F3D3C00D9132E /* Products */,
			);
			sourceTree = "<group>";
		};
		3CCFE787286F3D3C00D9132E /* Products */ = {
			isa = PBXGroup;
			children = (
				3CCFE786286F3D3C00D9132E /* HW2.app */,
			);
			name = Products;
			sourceTree = "<group>";
		};
		3CCFE788286F3D3C00D9132E /* HW2 */ = {
			isa = PBXGroup;
			children = (
				3CCFE789286F3D3C00D9132E /* AppDelegate.swift */,
				3CCFE78B286F3D3C00D9132E /* SceneDelegate.swift */,
				3CCFE78D286F3D3C00D9132E /* ViewController.swift */,
				3CCFE78F286F3D3C00D9132E /* Main.storyboard */,
				3CCFE792286F3D3D00D9132E /* Assets.xcassets */,
				3CCFE794286F3D3D00D9132E /* LaunchScreen.storyboard */,
				3CCFE797286F3D3D00D9132E /* Info.plist */,
				3CCFE79F286F583700D9132E /* NextViewController.swift */,
				3C69970728718E6500BF065E /* PhoneTableViewController.swift */,
				3C69970B2871933F00BF065E /* PhoneTableViewCell.swift */,
				3C69970D2871B02000BF065E /* NextViewController2.swift */,
				3C69970F2871B24000BF065E /* NextViewController3.swift */,
				3C6997112871B31100BF065E /* NextViewController4.swift */,
			);
			path = HW2;
			sourceTree = "<group>";
		};
/* End PBXGroup section */

/* Begin PBXNativeTarget section */
		3CCFE785286F3D3C00D9132E /* HW2 */ = {
			isa = PBXNativeTarget;
			buildConfigurationList = 3CCFE79A286F3D3D00D9132E /* Build configuration list for PBXNativeTarget "HW2" */;
			buildPhases = (
				3CCFE782286F3D3C00D9132E /* Sources */,
				3CCFE783286F3D3C00D9132E /* Frameworks */,
				3CCFE784286F3D3C00D9132E /* Resources */,
			);
			buildRules = (
			);
			dependencies = (
			);
			name = HW2;
			productName = HW2;
			productReference = 3CCFE786286F3D3C00D9132E /* HW2.app */;
			productType = "com.apple.product-type.application";
		};
/* End PBXNativeTarget section */

/* Begin PBXProject section */
		3CCFE77E286F3D3C00D9132E /* Project object */ = {
			isa = PBXProject;
			attributes = {
				BuildIndependentTargetsInParallel = 1;
				LastSwiftUpdateCheck = 1320;
				LastUpgradeCheck = 1320;
				TargetAttributes = {
					3CCFE785286F3D3C00D9132E = {
						CreatedOnToolsVersion = 13.2.1;
					};
				};
			};
			buildConfigurationList = 3CCFE781286F3D3C00D9132E /* Build configuration list for PBXProject "HW2" */;
			compatibilityVersion = "Xcode 13.0";
			developmentRegion = en;
			hasScannedForEncodings = 0;
			knownRegions = (
				en,
				Base,
			);
			mainGroup = 3CCFE77D286F3D3C00D9132E;
			productRefGroup = 3CCFE787286F3D3C00D9132E /* Products */;
			projectDirPath = "";
			projectRoot = "";
			targets = (
				3CCFE785286F3D3C00D9132E /* HW2 */,
			);
		};
/* End PBXProject section */

/* Begin PBXResourcesBuildPhase section */
		3CCFE784286F3D3C00D9132E /* Resources */ = {
			isa = PBXResourcesBuildPhase;
			buildActionMask = 2147483647;
			files = (
				3CCFE796286F3D3D00D9132E /* LaunchScreen.storyboard in Resources */,
				3CCFE793286F3D3D00D9132E /* Assets.xcassets in Resources */,
				3CCFE791286F3D3C00D9132E /* Main.storyboard in Resources */,
			);
			runOnlyForDeploymentPostprocessing = 0;
		};
/* End PBXResourcesBuildPhase section */

/* Begin PBXSourcesBuildPhase section */
		3CCFE782286F3D3C00D9132E /* Sources */ = {
			isa = PBXSourcesBuildPhase;
			buildActionMask = 2147483647;
			files = (
				3CCFE78E286F3D3C00D9132E /* ViewController.swift in Sources */,
				3C6997122871B31100BF065E /* NextViewController4.swift in Sources */,
				3CCFE7A0286F583700D9132E /* NextViewController.swift in Sources */,
				3CCFE78A286F3D3C00D9132E /* AppDelegate.swift in Sources */,
				3C69970828718E6500BF065E /* PhoneTableViewController.swift in Sources */,
				3C69970C2871933F00BF065E /* PhoneTableViewCell.swift in Sources */,
				3C6997102871B24100BF065E /* NextViewController3.swift in Sources */,
				3C69970E2871B02000BF065E /* NextViewController2.swift in Sources */,
				3CCFE78C286F3D3C00D9132E /* SceneDelegate.swift in Sources */,
			);
			runOnlyForDeploymentPostprocessing = 0;
		};
/* End PBXSourcesBuildPhase section */

/* Begin PBXVariantGroup section */
		3CCFE78F286F3D3C00D9132E /* Main.storyboard */ = {
			isa = PBXVariantGroup;
			children = (
				3CCFE790286F3D3C00D9132E /* Base */,
			);
			name = Main.storyboard;
			sourceTree = "<group>";
		};
		3CCFE794286F3D3D00D9132E /* LaunchScreen.storyboard */ = {
			isa = PBXVariantGroup;
			children = (
				3CCFE795286F3D3D00D9132E /* Base */,
			);
			name = LaunchScreen.storyboard;
			sourceTree = "<group>";
		};
/* End PBXVariantGroup section */

/* Begin XCBuildConfiguration section */
		3CCFE798286F3D3D00D9132E /* Debug */ = {
			isa = XCBuildConfiguration;
			buildSettings = {
				ALWAYS_SEARCH_USER_PATHS = NO;
				CLANG_ANALYZER_NONNULL = YES;
				CLANG_ANALYZER_NUMBER_OBJECT_CONVERSION = YES_AGGRESSIVE;
				CLANG_CXX_LANGUAGE_STANDARD = "gnu++17";
				CLANG_CXX_LIBRARY = "libc++";
				CLANG_ENABLE_MODULES = YES;
				CLANG_ENABLE_OBJC_ARC = YES;
				CLANG_ENABLE_OBJC_WEAK = YES;
				CLANG_WARN_BLOCK_CAPTURE_AUTORELEASING = YES;
				CLANG_WARN_BOOL_CONVERSION = YES;
				CLANG_WARN_COMMA = YES;
				CLANG_WARN_CONSTANT_CONVERSION = YES;
				CLANG_WARN_DEPRECATED_OBJC_IMPLEMENTATIONS = YES;
				CLANG_WARN_DIRECT_OBJC_ISA_USAGE = YES_ERROR;
				CLANG_WARN_DOCUMENTATION_COMMENTS = YES;
				CLANG_WARN_EMPTY_BODY = YES;
				CLANG_WARN_ENUM_CONVERSION = YES;
				CLANG_WARN_INFINITE_RECURSION = YES;
				CLANG_WARN_INT_CONVERSION = YES;
				CLANG_WARN_NON_LITERAL_NULL_CONVERSION = YES;
				CLANG_WARN_OBJC_IMPLICIT_RETAIN_SELF = YES;
				CLANG_WARN_OBJC_LITERAL_CONVERSION = YES;
				CLANG_WARN_OBJC_ROOT_CLASS = YES_ERROR;
				CLANG_WARN_QUOTED_INCLUDE_IN_FRAMEWORK_HEADER = YES;
				CLANG_WARN_RANGE_LOOP_ANALYSIS = YES;
				CLANG_WARN_STRICT_PROTOTYPES = YES;
				CLANG_WARN_SUSPICIOUS_MOVE = YES;
				CLANG_WARN_UNGUARDED_AVAILABILITY = YES_AGGRESSIVE;
				CLANG_WARN_UNREACHABLE_CODE = YES;
				CLANG_WARN__DUPLICATE_METHOD_MATCH = YES;
				COPY_PHASE_STRIP = NO;
				DEBUG_INFORMATION_FORMAT = dwarf;
				ENABLE_STRICT_OBJC_MSGSEND = YES;
				ENABLE_TESTABILITY = YES;
				GCC_C_LANGUAGE_STANDARD = gnu11;
				GCC_DYNAMIC_NO_PIC = NO;
				GCC_NO_COMMON_BLOCKS = YES;
				GCC_OPTIMIZATION_LEVEL = 0;
				GCC_PREPROCESSOR_DEFINITIONS = (
					"DEBUG=1",
					"$(inherited)",
				);
				GCC_WARN_64_TO_32_BIT_CONVERSION = YES;
				GCC_WARN_ABOUT_RETURN_TYPE = YES_ERROR;
				GCC_WARN_UNDECLARED_SELECTOR = YES;
				GCC_WARN_UNINITIALIZED_AUTOS = YES_AGGRESSIVE;
				GCC_WARN_UNUSED_FUNCTION = YES;
				GCC_WARN_UNUSED_VARIABLE = YES;
				IPHONEOS_DEPLOYMENT_TARGET = 15.2;
				MTL_ENABLE_DEBUG_INFO = INCLUDE_SOURCE;
				MTL_FAST_MATH = YES;
				ONLY_ACTIVE_ARCH = YES;
				SDKROOT = iphoneos;
				SWIFT_ACTIVE_COMPILATION_CONDITIONS = DEBUG;
				SWIFT_OPTIMIZATION_LEVEL = "-Onone";
			};
			name = Debug;
		};
		3CCFE799286F3D3D00D9132E /* Release */ = {
			isa = XCBuildConfiguration;
			buildSettings = {
				ALWAYS_SEARCH_USER_PATHS = NO;
				CLANG_ANALYZER_NONNULL = YES;
				CLANG_ANALYZER_NUMBER_OBJECT_CONVERSION = YES_AGGRESSIVE;
				CLANG_CXX_LANGUAGE_STANDARD = "gnu++17";
				CLANG_CXX_LIBRARY = "libc++";
				CLANG_ENABLE_MODULES = YES;
				CLANG_ENABLE_OBJC_ARC = YES;
				CLANG_ENABLE_OBJC_WEAK = YES;
				CLANG_WARN_BLOCK_CAPTURE_AUTORELEASING = YES;
				CLANG_WARN_BOOL_CONVERSION = YES;
				CLANG_WARN_COMMA = YES;
				CLANG_WARN_CONSTANT_CONVERSION = YES;
				CLANG_WARN_DEPRECATED_OBJC_IMPLEMENTATIONS = YES;
				CLANG_WARN_DIRECT_OBJC_ISA_USAGE = YES_ERROR;
				CLANG_WARN_DOCUMENTATION_COMMENTS = YES;
				CLANG_WARN_EMPTY_BODY = YES;
				CLANG_WARN_ENUM_CONVERSION = YES;
				CLANG_WARN_INFINITE_RECURSION = YES;
				CLANG_WARN_INT_CONVERSION = YES;
				CLANG_WARN_NON_LITERAL_NULL_CONVERSION = YES;
				CLANG_WARN_OBJC_IMPLICIT_RETAIN_SELF = YES;
				CLANG_WARN_OBJC_LITERAL_CONVERSION = YES;
				CLANG_WARN_OBJC_ROOT_CLASS = YES_ERROR;
				CLANG_WARN_QUOTED_INCLUDE_IN_FRAMEWORK_HEADER = YES;
				CLANG_WARN_RANGE_LOOP_ANALYSIS = YES;
				CLANG_WARN_STRICT_PROTOTYPES = YES;
				CLANG_WARN_SUSPICIOUS_MOVE = YES;
				CLANG_WARN_UNGUARDED_AVAILABILITY = YES_AGGRESSIVE;
				CLANG_WARN_UNREACHABLE_CODE = YES;
				CLANG_WARN__DUPLICATE_METHOD_MATCH = YES;
				COPY_PHASE_STRIP = NO;
				DEBUG_INFORMATION_FORMAT = "dwarf-with-dsym";
				ENABLE_NS_ASSERTIONS = NO;
				ENABLE_STRICT_OBJC_MSGSEND = YES;
				GCC_C_LANGUAGE_STANDARD = gnu11;
				GCC_NO_COMMON_BLOCKS = YES;
				GCC_WARN_64_TO_32_BIT_CONVERSION = YES;
				GCC_WARN_ABOUT_RETURN_TYPE = YES_ERROR;
				GCC_WARN_UNDECLARED_SELECTOR = YES;
				GCC_WARN_UNINITIALIZED_AUTOS = YES_AGGRESSIVE;
				GCC_WARN_UNUSED_FUNCTION = YES;
				GCC_WARN_UNUSED_VARIABLE = YES;
				IPHONEOS_DEPLOYMENT_TARGET = 15.2;
				MTL_ENABLE_DEBUG_INFO = NO;
				MTL_FAST_MATH = YES;
				SDKROOT = iphoneos;
				SWIFT_COMPILATION_MODE = wholemodule;
				SWIFT_OPTIMIZATION_LEVEL = "-O";
				VALIDATE_PRODUCT = YES;
			};
			name = Release;
		};
		3CCFE79B286F3D3D00D9132E /* Debug */ = {
			isa = XCBuildConfiguration;
			buildSettings = {
				ASSETCATALOG_COMPILER_APPICON_NAME = AppIcon;
				ASSETCATALOG_COMPILER_GLOBAL_ACCENT_COLOR_NAME = AccentColor;
				CODE_SIGN_STYLE = Automatic;
				CURRENT_PROJECT_VERSION = 1;
				GENERATE_INFOPLIST_FILE = YES;
				INFOPLIST_FILE = HW2/Info.plist;
				INFOPLIST_KEY_UIApplicationSupportsIndirectInputEvents = YES;
				INFOPLIST_KEY_UILaunchStoryboardName = LaunchScreen;
				INFOPLIST_KEY_UIMainStoryboardFile = Main;
				INFOPLIST_KEY_UISupportedInterfaceOrientations_iPad = "UIInterfaceOrientationPortrait UIInterfaceOrientationPortraitUpsideDown UIInterfaceOrientationLandscapeLeft UIInterfaceOrientationLandscapeRight";
				INFOPLIST_KEY_UISupportedInterfaceOrientations_iPhone = "UIInterfaceOrientationPortrait UIInterfaceOrientationLandscapeLeft UIInterfaceOrientationLandscapeRight";
				IPHONEOS_DEPLOYMENT_TARGET = 13.0;
				LD_RUNPATH_SEARCH_PATHS = (
					"$(inherited)",
					"@executable_path/Frameworks",
				);
				MARKETING_VERSION = 1.0;
				PRODUCT_BUNDLE_IDENTIFIER = ITIS.HW2;
				PRODUCT_NAME = "$(TARGET_NAME)";
				SWIFT_EMIT_LOC_STRINGS = YES;
				SWIFT_VERSION = 5.0;
				TARGETED_DEVICE_FAMILY = 1;
			};
			name = Debug;
		};
		3CCFE79C286F3D3D00D9132E /* Release */ = {
			isa = XCBuildConfiguration;
			buildSettings = {
				ASSETCATALOG_COMPILER_APPICON_NAME = AppIcon;
				ASSETCATALOG_COMPILER_GLOBAL_ACCENT_COLOR_NAME = AccentColor;
				CODE_SIGN_STYLE = Automatic;
				CURRENT_PROJECT_VERSION = 1;
				GENERATE_INFOPLIST_FILE = YES;
				INFOPLIST_FILE = HW2/Info.plist;
				INFOPLIST_KEY_UIApplicationSupportsIndirectInputEvents = YES;
				INFOPLIST_KEY_UILaunchStoryboardName = LaunchScreen;
				INFOPLIST_KEY_UIMainStoryboardFile = Main;
				INFOPLIST_KEY_UISupportedInterfaceOrientations_iPad = "UIInterfaceOrientationPortrait UIInterfaceOrientationPortraitUpsideDown UIInterfaceOrientationLandscapeLeft UIInterfaceOrientationLandscapeRight";
				INFOPLIST_KEY_UISupportedInterfaceOrientations_iPhone = "UIInterfaceOrientationPortrait UIInterfaceOrientationLandscapeLeft UIInterfaceOrientationLandscapeRight";
				IPHONEOS_DEPLOYMENT_TARGET = 13.0;
				LD_RUNPATH_SEARCH_PATHS = (
					"$(inherited)",
					"@executable_path/Frameworks",
				);
				MARKETING_VERSION = 1.0;
				PRODUCT_BUNDLE_IDENTIFIER = ITIS.HW2;
				PRODUCT_NAME = "$(TARGET_NAME)";
				SWIFT_EMIT_LOC_STRINGS = YES;
				SWIFT_VERSION = 5.0;
				TARGETED_DEVICE_FAMILY = 1;
			};
			name = Release;
		};
/* End XCBuildConfiguration section */

/* Begin XCConfigurationList section */
		3CCFE781286F3D3C00D9132E /* Build configuration list for PBXProject "HW2" */ = {
			isa = XCConfigurationList;
			buildConfigurations = (
				3CCFE798286F3D3D00D9132E /* Debug */,
				3CCFE799286F3D3D00D9132E /* Release */,
			);
			defaultConfigurationIsVisible = 0;
			defaultConfigurationName = Release;
		};
		3CCFE79A286F3D3D00D9132E /* Build configuration list for PBXNativeTarget "HW2" */ = {
			isa = XCConfigurationList;
			buildConfigurations = (
				3CCFE79B286F3D3D00D9132E /* Debug */,
				3CCFE79C286F3D3D00D9132E /* Release */,
			);
			defaultConfigurationIsVisible = 0;
			defaultConfigurationName = Release;
		};
/* End XCConfigurationList section */
	};
	rootObject = 3CCFE77E286F3D3C00D9132E /* Project object */;
}
